
Microsoft Visual Studio Solution File, Format Version 12.00
# Visual Studio Version 17
VisualStudioVersion = 17.0.31903.59
MinimumVisualStudioVersion = 10.0.40219.1
Project("{2150E333-8FDC-42A3-9474-1A3956D46DE8}") = "src", "src", "{827E0CD3-B72D-47B6-A68D-7590B98EB39B}"
EndProject
Project("{FAE04EC0-301F-11D3-BF4B-00C04F79EFBC}") = "OrderApi.Domain", "src\OrderApi.Domain\OrderApi.Domain.csproj", "{F22007B1-C69B-4030-AA3E-D7BA8C63DD81}"
EndProject
Project("{FAE04EC0-301F-11D3-BF4B-00C04F79EFBC}") = "OrderApi.Application", "src\OrderApi.Application\OrderApi.Application.csproj", "{B915439C-4877-4F93-A643-5F51194E8D67}"
EndProject
Project("{FAE04EC0-301F-11D3-BF4B-00C04F79EFBC}") = "OrderApi.Infrastructure", "src\OrderApi.Infrastructure\OrderApi.Infrastructure.csproj", "{79F526BD-105F-473A-8C33-2E42204809E6}"
EndProject
Project("{FAE04EC0-301F-11D3-BF4B-00C04F79EFBC}") = "OrderApi.Minimal", "src\OrderApi.Minimal\OrderApi.Minimal.csproj", "{4FA913D1-3229-4AA7-AA3F-EF26E29FB78D}"
EndProject
Project("{2150E333-8FDC-42A3-9474-1A3956D46DE8}") = "tests", "tests", "{0AB3BF05-4346-4AA6-1389-037BE0695223}"
EndProject
Project("{FAE04EC0-301F-11D3-BF4B-00C04F79EFBC}") = "OrderApi.Domain.UnitTests", "tests\OrderApi.Domain.UnitTests\OrderApi.Domain.UnitTests.csproj", "{BDE54653-9289-4D4E-BBEC-BDEF4F9611E6}"
EndProject
Project("{FAE04EC0-301F-11D3-BF4B-00C04F79EFBC}") = "OrderApi.Application.UnitTests", "tests\OrderApi.Application.UnitTests\OrderApi.Application.UnitTests.csproj", "{11B571BD-EEC0-49CF-AE6E-A6CA1D4870F1}"
EndProject
Project("{FAE04EC0-301F-11D3-BF4B-00C04F79EFBC}") = "OrderApi.IntegrationTests", "tests\OrderApi.IntegrationTests\OrderApi.IntegrationTests.csproj", "{37ADCCED-26A4-4AAE-A75C-68A3A4C9C0F6}"
EndProject
Project("{FAE04EC0-301F-11D3-BF4B-00C04F79EFBC}") = "WarehouseApi.Minimal", "src\WarehouseApi.Minimal\WarehouseApi.Minimal.csproj", "{EE7D6B02-928C-4080-879A-8C0550800CF5}"
EndProject
Project("{FAE04EC0-301F-11D3-BF4B-00C04F79EFBC}") = "IdentityProvider.Api", "src\IdentityProvider.Api\IdentityProvider.Api.csproj", "{7CDE42D0-3BA3-4DAC-94A6-5DC858DF7F17}"
EndProject
Global
	GlobalSection(SolutionConfigurationPlatforms) = preSolution
		Debug|Any CPU = Debug|Any CPU
		Debug|x64 = Debug|x64
		Debug|x86 = Debug|x86
		Release|Any CPU = Release|Any CPU
		Release|x64 = Release|x64
		Release|x86 = Release|x86
	EndGlobalSection
	GlobalSection(ProjectConfigurationPlatforms) = postSolution
		{F22007B1-C69B-4030-AA3E-D7BA8C63DD81}.Debug|Any CPU.ActiveCfg = Debug|Any CPU
		{F22007B1-C69B-4030-AA3E-D7BA8C63DD81}.Debug|Any CPU.Build.0 = Debug|Any CPU
		{F22007B1-C69B-4030-AA3E-D7BA8C63DD81}.Debug|x64.ActiveCfg = Debug|Any CPU
		{F22007B1-C69B-4030-AA3E-D7BA8C63DD81}.Debug|x64.Build.0 = Debug|Any CPU
		{F22007B1-C69B-4030-AA3E-D7BA8C63DD81}.Debug|x86.ActiveCfg = Debug|Any CPU
		{F22007B1-C69B-4030-AA3E-D7BA8C63DD81}.Debug|x86.Build.0 = Debug|Any CPU
		{F22007B1-C69B-4030-AA3E-D7BA8C63DD81}.Release|Any CPU.ActiveCfg = Release|Any CPU
		{F22007B1-C69B-4030-AA3E-D7BA8C63DD81}.Release|Any CPU.Build.0 = Release|Any CPU
		{F22007B1-C69B-4030-AA3E-D7BA8C63DD81}.Release|x64.ActiveCfg = Release|Any CPU
		{F22007B1-C69B-4030-AA3E-D7BA8C63DD81}.Release|x64.Build.0 = Release|Any CPU
		{F22007B1-C69B-4030-AA3E-D7BA8C63DD81}.Release|x86.ActiveCfg = Release|Any CPU
		{F22007B1-C69B-4030-AA3E-D7BA8C63DD81}.Release|x86.Build.0 = Release|Any CPU
		{B915439C-4877-4F93-A643-5F51194E8D67}.Debug|Any CPU.ActiveCfg = Debug|Any CPU
		{B915439C-4877-4F93-A643-5F51194E8D67}.Debug|Any CPU.Build.0 = Debug|Any CPU
		{B915439C-4877-4F93-A643-5F51194E8D67}.Debug|x64.ActiveCfg = Debug|Any CPU
		{B915439C-4877-4F93-A643-5F51194E8D67}.Debug|x64.Build.0 = Debug|Any CPU
		{B915439C-4877-4F93-A643-5F51194E8D67}.Debug|x86.ActiveCfg = Debug|Any CPU
		{B915439C-4877-4F93-A643-5F51194E8D67}.Debug|x86.Build.0 = Debug|Any CPU
		{B915439C-4877-4F93-A643-5F51194E8D67}.Release|Any CPU.ActiveCfg = Release|Any CPU
		{B915439C-4877-4F93-A643-5F51194E8D67}.Release|Any CPU.Build.0 = Release|Any CPU
		{B915439C-4877-4F93-A643-5F51194E8D67}.Release|x64.ActiveCfg = Release|Any CPU
		{B915439C-4877-4F93-A643-5F51194E8D67}.Release|x64.Build.0 = Release|Any CPU
		{B915439C-4877-4F93-A643-5F51194E8D67}.Release|x86.ActiveCfg = Release|Any CPU
		{B915439C-4877-4F93-A643-5F51194E8D67}.Release|x86.Build.0 = Release|Any CPU
		{79F526BD-105F-473A-8C33-2E42204809E6}.Debug|Any CPU.ActiveCfg = Debug|Any CPU
		{79F526BD-105F-473A-8C33-2E42204809E6}.Debug|Any CPU.Build.0 = Debug|Any CPU
		{79F526BD-105F-473A-8C33-2E42204809E6}.Debug|x64.ActiveCfg = Debug|Any CPU
		{79F526BD-105F-473A-8C33-2E42204809E6}.Debug|x64.Build.0 = Debug|Any CPU
		{79F526BD-105F-473A-8C33-2E42204809E6}.Debug|x86.ActiveCfg = Debug|Any CPU
		{79F526BD-105F-473A-8C33-2E42204809E6}.Debug|x86.Build.0 = Debug|Any CPU
		{79F526BD-105F-473A-8C33-2E42204809E6}.Release|Any CPU.ActiveCfg = Release|Any CPU
		{79F526BD-105F-473A-8C33-2E42204809E6}.Release|Any CPU.Build.0 = Release|Any CPU
		{79F526BD-105F-473A-8C33-2E42204809E6}.Release|x64.ActiveCfg = Release|Any CPU
		{79F526BD-105F-473A-8C33-2E42204809E6}.Release|x64.Build.0 = Release|Any CPU
		{79F526BD-105F-473A-8C33-2E42204809E6}.Release|x86.ActiveCfg = Release|Any CPU
		{79F526BD-105F-473A-8C33-2E42204809E6}.Release|x86.Build.0 = Release|Any CPU
		{4FA913D1-3229-4AA7-AA3F-EF26E29FB78D}.Debug|Any CPU.ActiveCfg = Debug|Any CPU
		{4FA913D1-3229-4AA7-AA3F-EF26E29FB78D}.Debug|Any CPU.Build.0 = Debug|Any CPU
		{4FA913D1-3229-4AA7-AA3F-EF26E29FB78D}.Debug|x64.ActiveCfg = Debug|Any CPU
		{4FA913D1-3229-4AA7-AA3F-EF26E29FB78D}.Debug|x64.Build.0 = Debug|Any CPU
		{4FA913D1-3229-4AA7-AA3F-EF26E29FB78D}.Debug|x86.ActiveCfg = Debug|Any CPU
		{4FA913D1-3229-4AA7-AA3F-EF26E29FB78D}.Debug|x86.Build.0 = Debug|Any CPU
		{4FA913D1-3229-4AA7-AA3F-EF26E29FB78D}.Release|Any CPU.ActiveCfg = Release|Any CPU
		{4FA913D1-3229-4AA7-AA3F-EF26E29FB78D}.Release|Any CPU.Build.0 = Release|Any CPU
		{4FA913D1-3229-4AA7-AA3F-EF26E29FB78D}.Release|x64.ActiveCfg = Release|Any CPU
		{4FA913D1-3229-4AA7-AA3F-EF26E29FB78D}.Release|x64.Build.0 = Release|Any CPU
		{4FA913D1-3229-4AA7-AA3F-EF26E29FB78D}.Release|x86.ActiveCfg = Release|Any CPU
		{4FA913D1-3229-4AA7-AA3F-EF26E29FB78D}.Release|x86.Build.0 = Release|Any CPU
		{BDE54653-9289-4D4E-BBEC-BDEF4F9611E6}.Debug|Any CPU.ActiveCfg = Debug|Any CPU
		{BDE54653-9289-4D4E-BBEC-BDEF4F9611E6}.Debug|Any CPU.Build.0 = Debug|Any CPU
		{BDE54653-9289-4D4E-BBEC-BDEF4F9611E6}.Debug|x64.ActiveCfg = Debug|Any CPU
		{BDE54653-9289-4D4E-BBEC-BDEF4F9611E6}.Debug|x64.Build.0 = Debug|Any CPU
		{BDE54653-9289-4D4E-BBEC-BDEF4F9611E6}.Debug|x86.ActiveCfg = Debug|Any CPU
		{BDE54653-9289-4D4E-BBEC-BDEF4F9611E6}.Debug|x86.Build.0 = Debug|Any CPU
		{BDE54653-9289-4D4E-BBEC-BDEF4F9611E6}.Release|Any CPU.ActiveCfg = Release|Any CPU
		{BDE54653-9289-4D4E-BBEC-BDEF4F9611E6}.Release|Any CPU.Build.0 = Release|Any CPU
		{BDE54653-9289-4D4E-BBEC-BDEF4F9611E6}.Release|x64.ActiveCfg = Release|Any CPU
		{BDE54653-9289-4D4E-BBEC-BDEF4F9611E6}.Release|x64.Build.0 = Release|Any CPU
		{BDE54653-9289-4D4E-BBEC-BDEF4F9611E6}.Release|x86.ActiveCfg = Release|Any CPU
		{BDE54653-9289-4D4E-BBEC-BDEF4F9611E6}.Release|x86.Build.0 = Release|Any CPU
		{11B571BD-EEC0-49CF-AE6E-A6CA1D4870F1}.Debug|Any CPU.ActiveCfg = Debug|Any CPU
		{11B571BD-EEC0-49CF-AE6E-A6CA1D4870F1}.Debug|Any CPU.Build.0 = Debug|Any CPU
		{11B571BD-EEC0-49CF-AE6E-A6CA1D4870F1}.Debug|x64.ActiveCfg = Debug|Any CPU
		{11B571BD-EEC0-49CF-AE6E-A6CA1D4870F1}.Debug|x64.Build.0 = Debug|Any CPU
		{11B571BD-EEC0-49CF-AE6E-A6CA1D4870F1}.Debug|x86.ActiveCfg = Debug|Any CPU
		{11B571BD-EEC0-49CF-AE6E-A6CA1D4870F1}.Debug|x86.Build.0 = Debug|Any CPU
		{11B571BD-EEC0-49CF-AE6E-A6CA1D4870F1}.Release|Any CPU.ActiveCfg = Release|Any CPU
		{11B571BD-EEC0-49CF-AE6E-A6CA1D4870F1}.Release|Any CPU.Build.0 = Release|Any CPU
		{11B571BD-EEC0-49CF-AE6E-A6CA1D4870F1}.Release|x64.ActiveCfg = Release|Any CPU
		{11B571BD-EEC0-49CF-AE6E-A6CA1D4870F1}.Release|x64.Build.0 = Release|Any CPU
		{11B571BD-EEC0-49CF-AE6E-A6CA1D4870F1}.Release|x86.ActiveCfg = Release|Any CPU
		{11B571BD-EEC0-49CF-AE6E-A6CA1D4870F1}.Release|x86.Build.0 = Release|Any CPU
		{37ADCCED-26A4-4AAE-A75C-68A3A4C9C0F6}.Debug|Any CPU.ActiveCfg = Debug|Any CPU
		{37ADCCED-26A4-4AAE-A75C-68A3A4C9C0F6}.Debug|Any CPU.Build.0 = Debug|Any CPU
		{37ADCCED-26A4-4AAE-A75C-68A3A4C9C0F6}.Debug|x64.ActiveCfg = Debug|Any CPU
		{37ADCCED-26A4-4AAE-A75C-68A3A4C9C0F6}.Debug|x64.Build.0 = Debug|Any CPU
		{37ADCCED-26A4-4AAE-A75C-68A3A4C9C0F6}.Debug|x86.ActiveCfg = Debug|Any CPU
		{37ADCCED-26A4-4AAE-A75C-68A3A4C9C0F6}.Debug|x86.Build.0 = Debug|Any CPU
		{37ADCCED-26A4-4AAE-A75C-68A3A4C9C0F6}.Release|Any CPU.ActiveCfg = Release|Any CPU
		{37ADCCED-26A4-4AAE-A75C-68A3A4C9C0F6}.Release|Any CPU.Build.0 = Release|Any CPU
		{37ADCCED-26A4-4AAE-A75C-68A3A4C9C0F6}.Release|x64.ActiveCfg = Release|Any CPU
		{37ADCCED-26A4-4AAE-A75C-68A3A4C9C0F6}.Release|x64.Build.0 = Release|Any CPU
		{37ADCCED-26A4-4AAE-A75C-68A3A4C9C0F6}.Release|x86.ActiveCfg = Release|Any CPU
		{37ADCCED-26A4-4AAE-A75C-68A3A4C9C0F6}.Release|x86.Build.0 = Release|Any CPU
		{EE7D6B02-928C-4080-879A-8C0550800CF5}.Debug|Any CPU.ActiveCfg = Debug|Any CPU
		{EE7D6B02-928C-4080-879A-8C0550800CF5}.Debug|Any CPU.Build.0 = Debug|Any CPU
		{EE7D6B02-928C-4080-879A-8C0550800CF5}.Debug|x64.ActiveCfg = Debug|Any CPU
		{EE7D6B02-928C-4080-879A-8C0550800CF5}.Debug|x64.Build.0 = Debug|Any CPU
		{EE7D6B02-928C-4080-879A-8C0550800CF5}.Debug|x86.ActiveCfg = Debug|Any CPU
		{EE7D6B02-928C-4080-879A-8C0550800CF5}.Debug|x86.Build.0 = Debug|Any CPU
		{EE7D6B02-928C-4080-879A-8C0550800CF5}.Release|Any CPU.ActiveCfg = Release|Any CPU
		{EE7D6B02-928C-4080-879A-8C0550800CF5}.Release|Any CPU.Build.0 = Release|Any CPU
		{EE7D6B02-928C-4080-879A-8C0550800CF5}.Release|x64.ActiveCfg = Release|Any CPU
		{EE7D6B02-928C-4080-879A-8C0550800CF5}.Release|x64.Build.0 = Release|Any CPU
		{EE7D6B02-928C-4080-879A-8C0550800CF5}.Release|x86.ActiveCfg = Release|Any CPU
		{EE7D6B02-928C-4080-879A-8C0550800CF5}.Release|x86.Build.0 = Release|Any CPU
		{7CDE42D0-3BA3-4DAC-94A6-5DC858DF7F17}.Debug|Any CPU.ActiveCfg = Debug|Any CPU
		{7CDE42D0-3BA3-4DAC-94A6-5DC858DF7F17}.Debug|Any CPU.Build.0 = Debug|Any CPU
		{7CDE42D0-3BA3-4DAC-94A6-5DC858DF7F17}.Debug|x64.ActiveCfg = Debug|Any CPU
		{7CDE42D0-3BA3-4DAC-94A6-5DC858DF7F17}.Debug|x64.Build.0 = Debug|Any CPU
		{7CDE42D0-3BA3-4DAC-94A6-5DC858DF7F17}.Debug|x86.ActiveCfg = Debug|Any CPU
		{7CDE42D0-3BA3-4DAC-94A6-5DC858DF7F17}.Debug|x86.Build.0 = Debug|Any CPU
		{7CDE42D0-3BA3-4DAC-94A6-5DC858DF7F17}.Release|Any CPU.ActiveCfg = Release|Any CPU
		{7CDE42D0-3BA3-4DAC-94A6-5DC858DF7F17}.Release|Any CPU.Build.0 = Release|Any CPU
		{7CDE42D0-3BA3-4DAC-94A6-5DC858DF7F17}.Release|x64.ActiveCfg = Release|Any CPU
		{7CDE42D0-3BA3-4DAC-94A6-5DC858DF7F17}.Release|x64.Build.0 = Release|Any CPU
		{7CDE42D0-3BA3-4DAC-94A6-5DC858DF7F17}.Release|x86.ActiveCfg = Release|Any CPU
		{7CDE42D0-3BA3-4DAC-94A6-5DC858DF7F17}.Release|x86.Build.0 = Release|Any CPU
	EndGlobalSection
	GlobalSection(SolutionProperties) = preSolution
		HideSolutionNode = FALSE
	EndGlobalSection
	GlobalSection(NestedProjects) = preSolution
		{F22007B1-C69B-4030-AA3E-D7BA8C63DD81} = {827E0CD3-B72D-47B6-A68D-7590B98EB39B}
		{B915439C-4877-4F93-A643-5F51194E8D67} = {827E0CD3-B72D-47B6-A68D-7590B98EB39B}
		{79F526BD-105F-473A-8C33-2E42204809E6} = {827E0CD3-B72D-47B6-A68D-7590B98EB39B}
		{4FA913D1-3229-4AA7-AA3F-EF26E29FB78D} = {827E0CD3-B72D-47B6-A68D-7590B98EB39B}
		{BDE54653-9289-4D4E-BBEC-BDEF4F9611E6} = {0AB3BF05-4346-4AA6-1389-037BE0695223}
		{11B571BD-EEC0-49CF-AE6E-A6CA1D4870F1} = {0AB3BF05-4346-4AA6-1389-037BE0695223}
		{37ADCCED-26A4-4AAE-A75C-68A3A4C9C0F6} = {0AB3BF05-4346-4AA6-1389-037BE0695223}
		{EE7D6B02-928C-4080-879A-8C0550800CF5} = {827E0CD3-B72D-47B6-A68D-7590B98EB39B}
		{7CDE42D0-3BA3-4DAC-94A6-5DC858DF7F17} = {827E0CD3-B72D-47B6-A68D-7590B98EB39B}
	EndGlobalSection
EndGlobal
